
Microsoft Visual Studio Solution File, Format Version 12.00
# Visual Studio Version 17
VisualStudioVersion = 17.2.32516.85
MinimumVisualStudioVersion = 10.0.40219.1
Project("{9A19103F-16F7-4668-BE54-9A1E7A4F7556}") = "Sparc.Coop", "SparcFeatures\Sparc.Coop.csproj", "{40431EDB-80E4-4D29-8A82-E96C3C626C4E}"
EndProject
Project("{FAE04EC0-301F-11D3-BF4B-00C04F79EFBC}") = "Kori", "Kori\Kori.csproj", "{70854DC3-8874-471C-8FB7-C54DB533760A}"
EndProject
Global
	GlobalSection(SolutionConfigurationPlatforms) = preSolution
		Debug|Any CPU = Debug|Any CPU
		Release|Any CPU = Release|Any CPU
	EndGlobalSection
	GlobalSection(ProjectConfigurationPlatforms) = postSolution
		{40431EDB-80E4-4D29-8A82-E96C3C626C4E}.Debug|Any CPU.ActiveCfg = Debug|Any CPU
		{40431EDB-80E4-4D29-8A82-E96C3C626C4E}.Debug|Any CPU.Build.0 = Debug|Any CPU
		{40431EDB-80E4-4D29-8A82-E96C3C626C4E}.Release|Any CPU.ActiveCfg = Release|Any CPU
		{40431EDB-80E4-4D29-8A82-E96C3C626C4E}.Release|Any CPU.Build.0 = Release|Any CPU
		{70854DC3-8874-471C-8FB7-C54DB533760A}.Debug|Any CPU.ActiveCfg = Debug|Any CPU
		{70854DC3-8874-471C-8FB7-C54DB533760A}.Debug|Any CPU.Build.0 = Debug|Any CPU
		{70854DC3-8874-471C-8FB7-C54DB533760A}.Release|Any CPU.ActiveCfg = Release|Any CPU
		{70854DC3-8874-471C-8FB7-C54DB533760A}.Release|Any CPU.Build.0 = Release|Any CPU
	EndGlobalSection
	GlobalSection(SolutionProperties) = preSolution
		HideSolutionNode = FALSE
	EndGlobalSection
	GlobalSection(ExtensibilityGlobals) = postSolution
		SolutionGuid = {C0950AC9-0217-498C-A7AF-099C8065AD3A}
	EndGlobalSection
EndGlobal
