
Microsoft Visual Studio Solution File, Format Version 12.00
# Visual Studio Version 18
VisualStudioVersion = 18.0.11116.177
MinimumVisualStudioVersion = 10.0.40219.1
Project("{2150E333-8FDC-42A3-9474-1A3956D46DE8}") = "Blossom", "Blossom", "{30FE1327-2997-4C76-B5D6-493E20F2305C}"
EndProject
Project("{FAE04EC0-301F-11D3-BF4B-00C04F79EFBC}") = "Sparc.Blossom.Data.Cosmos", "..\blossom\Sparc.Blossom.Data.Cosmos\Sparc.Blossom.Data.Cosmos.csproj", "{FD001A8A-7F12-4BBE-A6D2-1C12483F866B}"
EndProject
Project("{FAE04EC0-301F-11D3-BF4B-00C04F79EFBC}") = "Sparc.Blossom", "..\blossom\Sparc.Blossom\Sparc.Blossom.csproj", "{37E3276A-635C-3080-B16F-F824D7E61428}"
EndProject
Project("{FAE04EC0-301F-11D3-BF4B-00C04F79EFBC}") = "Sparc.Core", "..\blossom\Sparc.Core\Sparc.Core.csproj", "{84874C34-4503-1222-BA9D-CF49DEFC47A6}"
EndProject
Project("{FAE04EC0-301F-11D3-BF4B-00C04F79EFBC}") = "Sparc.App", "Sparc.App\Sparc.App.csproj", "{A6494B05-44D2-4EFC-95F2-D07DB67FC038}"
EndProject
Project("{FAE04EC0-301F-11D3-BF4B-00C04F79EFBC}") = "Sparc.Blossom.Engine", "..\blossom\Sparc.Blossom.Engine\Sparc.Blossom.Engine.csproj", "{F40B0A7B-FFAF-22E7-6D8C-CE4AC44782B3}"
EndProject
Project("{FAE04EC0-301F-11D3-BF4B-00C04F79EFBC}") = "Sparc2", "Sparc2\Sparc2\Sparc2.csproj", "{1F5057E6-1170-9A13-6CE6-4BC5E6F7A9F5}"
EndProject
Project("{FAE04EC0-301F-11D3-BF4B-00C04F79EFBC}") = "Sparc.Blossom.Data.AzureStorage", "..\blossom\Sparc.Blossom.Data.AzureStorage\Sparc.Blossom.Data.AzureStorage.csproj", "{D6B40988-1142-F98D-1C53-1B4F451D9403}"
EndProject
Project("{FAE04EC0-301F-11D3-BF4B-00C04F79EFBC}") = "Sparc.Blossom.Realtime.Twilio", "..\blossom\Sparc.Blossom.Realtime.Twilio\Sparc.Blossom.Realtime.Twilio.csproj", "{93EA97D5-D611-FA53-E96A-A77524F60EC1}"
EndProject
Global
	GlobalSection(SolutionConfigurationPlatforms) = preSolution
		Debug|Any CPU = Debug|Any CPU
		Debug|x64 = Debug|x64
		Release|Any CPU = Release|Any CPU
		Release|x64 = Release|x64
	EndGlobalSection
	GlobalSection(ProjectConfigurationPlatforms) = postSolution
		{FD001A8A-7F12-4BBE-A6D2-1C12483F866B}.Debug|Any CPU.ActiveCfg = Debug|Any CPU
		{FD001A8A-7F12-4BBE-A6D2-1C12483F866B}.Debug|Any CPU.Build.0 = Debug|Any CPU
		{FD001A8A-7F12-4BBE-A6D2-1C12483F866B}.Debug|x64.ActiveCfg = Debug|Any CPU
		{FD001A8A-7F12-4BBE-A6D2-1C12483F866B}.Debug|x64.Build.0 = Debug|Any CPU
		{FD001A8A-7F12-4BBE-A6D2-1C12483F866B}.Release|Any CPU.ActiveCfg = Release|Any CPU
		{FD001A8A-7F12-4BBE-A6D2-1C12483F866B}.Release|Any CPU.Build.0 = Release|Any CPU
		{FD001A8A-7F12-4BBE-A6D2-1C12483F866B}.Release|x64.ActiveCfg = Release|Any CPU
		{FD001A8A-7F12-4BBE-A6D2-1C12483F866B}.Release|x64.Build.0 = Release|Any CPU
		{37E3276A-635C-3080-B16F-F824D7E61428}.Debug|Any CPU.ActiveCfg = Debug|Any CPU
		{37E3276A-635C-3080-B16F-F824D7E61428}.Debug|Any CPU.Build.0 = Debug|Any CPU
		{37E3276A-635C-3080-B16F-F824D7E61428}.Debug|x64.ActiveCfg = Debug|Any CPU
		{37E3276A-635C-3080-B16F-F824D7E61428}.Debug|x64.Build.0 = Debug|Any CPU
		{37E3276A-635C-3080-B16F-F824D7E61428}.Release|Any CPU.ActiveCfg = Release|Any CPU
		{37E3276A-635C-3080-B16F-F824D7E61428}.Release|Any CPU.Build.0 = Release|Any CPU
		{37E3276A-635C-3080-B16F-F824D7E61428}.Release|x64.ActiveCfg = Release|Any CPU
		{37E3276A-635C-3080-B16F-F824D7E61428}.Release|x64.Build.0 = Release|Any CPU
		{84874C34-4503-1222-BA9D-CF49DEFC47A6}.Debug|Any CPU.ActiveCfg = Debug|Any CPU
		{84874C34-4503-1222-BA9D-CF49DEFC47A6}.Debug|Any CPU.Build.0 = Debug|Any CPU
		{84874C34-4503-1222-BA9D-CF49DEFC47A6}.Debug|x64.ActiveCfg = Debug|Any CPU
		{84874C34-4503-1222-BA9D-CF49DEFC47A6}.Debug|x64.Build.0 = Debug|Any CPU
		{84874C34-4503-1222-BA9D-CF49DEFC47A6}.Release|Any CPU.ActiveCfg = Release|Any CPU
		{84874C34-4503-1222-BA9D-CF49DEFC47A6}.Release|Any CPU.Build.0 = Release|Any CPU
		{84874C34-4503-1222-BA9D-CF49DEFC47A6}.Release|x64.ActiveCfg = Release|Any CPU
		{84874C34-4503-1222-BA9D-CF49DEFC47A6}.Release|x64.Build.0 = Release|Any CPU
		{A6494B05-44D2-4EFC-95F2-D07DB67FC038}.Debug|Any CPU.ActiveCfg = Debug|Any CPU
		{A6494B05-44D2-4EFC-95F2-D07DB67FC038}.Debug|Any CPU.Build.0 = Debug|Any CPU
		{A6494B05-44D2-4EFC-95F2-D07DB67FC038}.Debug|x64.ActiveCfg = Debug|Any CPU
		{A6494B05-44D2-4EFC-95F2-D07DB67FC038}.Debug|x64.Build.0 = Debug|Any CPU
		{A6494B05-44D2-4EFC-95F2-D07DB67FC038}.Release|Any CPU.ActiveCfg = Release|Any CPU
		{A6494B05-44D2-4EFC-95F2-D07DB67FC038}.Release|Any CPU.Build.0 = Release|Any CPU
		{A6494B05-44D2-4EFC-95F2-D07DB67FC038}.Release|x64.ActiveCfg = Release|Any CPU
		{A6494B05-44D2-4EFC-95F2-D07DB67FC038}.Release|x64.Build.0 = Release|Any CPU
		{F40B0A7B-FFAF-22E7-6D8C-CE4AC44782B3}.Debug|Any CPU.ActiveCfg = Debug|Any CPU
		{F40B0A7B-FFAF-22E7-6D8C-CE4AC44782B3}.Debug|Any CPU.Build.0 = Debug|Any CPU
		{F40B0A7B-FFAF-22E7-6D8C-CE4AC44782B3}.Debug|x64.ActiveCfg = Debug|Any CPU
		{F40B0A7B-FFAF-22E7-6D8C-CE4AC44782B3}.Debug|x64.Build.0 = Debug|Any CPU
		{F40B0A7B-FFAF-22E7-6D8C-CE4AC44782B3}.Release|Any CPU.ActiveCfg = Release|Any CPU
		{F40B0A7B-FFAF-22E7-6D8C-CE4AC44782B3}.Release|Any CPU.Build.0 = Release|Any CPU
		{F40B0A7B-FFAF-22E7-6D8C-CE4AC44782B3}.Release|x64.ActiveCfg = Release|Any CPU
		{F40B0A7B-FFAF-22E7-6D8C-CE4AC44782B3}.Release|x64.Build.0 = Release|Any CPU
		{1F5057E6-1170-9A13-6CE6-4BC5E6F7A9F5}.Debug|Any CPU.ActiveCfg = Debug|Any CPU
		{1F5057E6-1170-9A13-6CE6-4BC5E6F7A9F5}.Debug|x64.ActiveCfg = Debug|Any CPU
		{1F5057E6-1170-9A13-6CE6-4BC5E6F7A9F5}.Debug|x64.Build.0 = Debug|Any CPU
		{1F5057E6-1170-9A13-6CE6-4BC5E6F7A9F5}.Release|Any CPU.ActiveCfg = Release|Any CPU
		{1F5057E6-1170-9A13-6CE6-4BC5E6F7A9F5}.Release|Any CPU.Build.0 = Release|Any CPU
		{1F5057E6-1170-9A13-6CE6-4BC5E6F7A9F5}.Release|x64.ActiveCfg = Release|Any CPU
		{1F5057E6-1170-9A13-6CE6-4BC5E6F7A9F5}.Release|x64.Build.0 = Release|Any CPU
		{D6B40988-1142-F98D-1C53-1B4F451D9403}.Debug|Any CPU.ActiveCfg = Debug|Any CPU
		{D6B40988-1142-F98D-1C53-1B4F451D9403}.Debug|Any CPU.Build.0 = Debug|Any CPU
		{D6B40988-1142-F98D-1C53-1B4F451D9403}.Debug|x64.ActiveCfg = Debug|Any CPU
		{D6B40988-1142-F98D-1C53-1B4F451D9403}.Debug|x64.Build.0 = Debug|Any CPU
		{D6B40988-1142-F98D-1C53-1B4F451D9403}.Release|Any CPU.ActiveCfg = Release|Any CPU
		{D6B40988-1142-F98D-1C53-1B4F451D9403}.Release|Any CPU.Build.0 = Release|Any CPU
		{D6B40988-1142-F98D-1C53-1B4F451D9403}.Release|x64.ActiveCfg = Release|Any CPU
		{D6B40988-1142-F98D-1C53-1B4F451D9403}.Release|x64.Build.0 = Release|Any CPU
		{93EA97D5-D611-FA53-E96A-A77524F60EC1}.Debug|Any CPU.ActiveCfg = Debug|Any CPU
		{93EA97D5-D611-FA53-E96A-A77524F60EC1}.Debug|Any CPU.Build.0 = Debug|Any CPU
		{93EA97D5-D611-FA53-E96A-A77524F60EC1}.Debug|x64.ActiveCfg = Debug|Any CPU
		{93EA97D5-D611-FA53-E96A-A77524F60EC1}.Debug|x64.Build.0 = Debug|Any CPU
		{93EA97D5-D611-FA53-E96A-A77524F60EC1}.Release|Any CPU.ActiveCfg = Release|Any CPU
		{93EA97D5-D611-FA53-E96A-A77524F60EC1}.Release|Any CPU.Build.0 = Release|Any CPU
		{93EA97D5-D611-FA53-E96A-A77524F60EC1}.Release|x64.ActiveCfg = Release|Any CPU
		{93EA97D5-D611-FA53-E96A-A77524F60EC1}.Release|x64.Build.0 = Release|Any CPU
	EndGlobalSection
	GlobalSection(SolutionProperties) = preSolution
		HideSolutionNode = FALSE
	EndGlobalSection
	GlobalSection(NestedProjects) = preSolution
		{FD001A8A-7F12-4BBE-A6D2-1C12483F866B} = {30FE1327-2997-4C76-B5D6-493E20F2305C}
		{37E3276A-635C-3080-B16F-F824D7E61428} = {30FE1327-2997-4C76-B5D6-493E20F2305C}
		{84874C34-4503-1222-BA9D-CF49DEFC47A6} = {30FE1327-2997-4C76-B5D6-493E20F2305C}
		{F40B0A7B-FFAF-22E7-6D8C-CE4AC44782B3} = {30FE1327-2997-4C76-B5D6-493E20F2305C}
		{D6B40988-1142-F98D-1C53-1B4F451D9403} = {30FE1327-2997-4C76-B5D6-493E20F2305C}
		{93EA97D5-D611-FA53-E96A-A77524F60EC1} = {30FE1327-2997-4C76-B5D6-493E20F2305C}
	EndGlobalSection
	GlobalSection(ExtensibilityGlobals) = postSolution
		SolutionGuid = {C0950AC9-0217-498C-A7AF-099C8065AD3A}
	EndGlobalSection
EndGlobal
