
Microsoft Visual Studio Solution File, Format Version 12.00
# Visual Studio Version 17
VisualStudioVersion = 17.14.35906.104
MinimumVisualStudioVersion = 10.0.40219.1
Project("{FAE04EC0-301F-11D3-BF4B-00C04F79EFBC}") = "Sparc2", "Sparc2\Sparc2.csproj", "{77468FA8-B715-4C93-B9CD-6E4BB8B85CDB}"
EndProject
Project("{2150E333-8FDC-42A3-9474-1A3956D46DE8}") = "Blossom", "Blossom", "{02EA681E-C7D8-13C7-8484-4AC65E1B71E8}"
EndProject
Project("{FAE04EC0-301F-11D3-BF4B-00C04F79EFBC}") = "Sparc.Blossom.Core", "..\..\blossom\Sparc.Blossom.Core\Sparc.Blossom.Core.csproj", "{1D36F260-8AB1-586E-1AFB-66E7AD0A25A4}"
EndProject
Project("{FAE04EC0-301F-11D3-BF4B-00C04F79EFBC}") = "Sparc.Blossom", "..\..\blossom\Sparc.Blossom\Sparc.Blossom.csproj", "{325F6838-D997-B057-028D-166902C585F6}"
EndProject
Project("{FAE04EC0-301F-11D3-BF4B-00C04F79EFBC}") = "Sparc.Blossom.Data.Cosmos", "..\..\blossom\Sparc.Blossom.Data.Cosmos\Sparc.Blossom.Data.Cosmos.csproj", "{9D293A5D-6B48-DB01-5C62-4FED86572FB0}"
EndProject
Project("{FAE04EC0-301F-11D3-BF4B-00C04F79EFBC}") = "Sparc.Blossom.ApiGenerator", "..\..\blossom\Sparc.Blossom.ApiGenerator\Sparc.Blossom.ApiGenerator.csproj", "{43A6A67F-62F6-B1F4-B8B0-362B3AB4B2DE}"
EndProject
Project("{FAE04EC0-301F-11D3-BF4B-00C04F79EFBC}") = "Sparc.Blossom.Data.AzureStorage", "..\..\blossom\Sparc.Blossom.Data.AzureStorage\Sparc.Blossom.Data.AzureStorage.csproj", "{B83830BD-25BA-8391-B00F-9E91064B9D49}"
EndProject
Project("{FAE04EC0-301F-11D3-BF4B-00C04F79EFBC}") = "Sparc.Blossom.Cloud", "..\..\blossom\Sparc.Blossom.Cloud\Sparc.Blossom.Cloud.csproj", "{FCE214DD-DA9B-4382-9ABC-DBA4F601636E}"
EndProject
Project("{FAE04EC0-301F-11D3-BF4B-00C04F79EFBC}") = "Kori", "..\..\kori\Kori\Kori.csproj", "{35CDC903-AED0-17FA-972C-484F190B1A29}"
EndProject
Project("{FAE04EC0-301F-11D3-BF4B-00C04F79EFBC}") = "Sparc.Kori", "..\..\kori\Sparc.Kori\Sparc.Kori.csproj", "{048F64A4-0664-685D-EFA6-FC99EA242ADD}"
EndProject
Project("{FAE04EC0-301F-11D3-BF4B-00C04F79EFBC}") = "Sparc.Blossom.Authentication.Passwordless", "..\..\blossom\Sparc.Blossom.Authentication.Passwordless\Sparc.Blossom.Authentication.Passwordless.csproj", "{115E6E24-1A10-C21F-6703-79035E66E2FA}"
EndProject
Project("{FAE04EC0-301F-11D3-BF4B-00C04F79EFBC}") = "Sparc.Blossom.Data.Pouch", "..\..\blossom\Sparc.Blossom.Data.Pouch\Sparc.Blossom.Data.Pouch.csproj", "{47C4925F-38ED-2689-24D7-D36583EF0738}"
EndProject
Project("{FAE04EC0-301F-11D3-BF4B-00C04F79EFBC}") = "Sparc.Blossom.Cloud.AuthExample", "..\..\blossom\Sparc.Blossom.Cloud.AuthExample\Sparc.Blossom.Cloud.AuthExample.csproj", "{B197B6C3-B0BF-4225-A76E-A7128A85C2F4}"
EndProject
Global
	GlobalSection(SolutionConfigurationPlatforms) = preSolution
		Debug|Any CPU = Debug|Any CPU
		Release|Any CPU = Release|Any CPU
	EndGlobalSection
	GlobalSection(ProjectConfigurationPlatforms) = postSolution
		{77468FA8-B715-4C93-B9CD-6E4BB8B85CDB}.Debug|Any CPU.ActiveCfg = Debug|Any CPU
		{77468FA8-B715-4C93-B9CD-6E4BB8B85CDB}.Debug|Any CPU.Build.0 = Debug|Any CPU
		{77468FA8-B715-4C93-B9CD-6E4BB8B85CDB}.Release|Any CPU.ActiveCfg = Release|Any CPU
		{77468FA8-B715-4C93-B9CD-6E4BB8B85CDB}.Release|Any CPU.Build.0 = Release|Any CPU
		{1D36F260-8AB1-586E-1AFB-66E7AD0A25A4}.Debug|Any CPU.ActiveCfg = Debug|Any CPU
		{1D36F260-8AB1-586E-1AFB-66E7AD0A25A4}.Debug|Any CPU.Build.0 = Debug|Any CPU
		{1D36F260-8AB1-586E-1AFB-66E7AD0A25A4}.Release|Any CPU.ActiveCfg = Release|Any CPU
		{1D36F260-8AB1-586E-1AFB-66E7AD0A25A4}.Release|Any CPU.Build.0 = Release|Any CPU
		{325F6838-D997-B057-028D-166902C585F6}.Debug|Any CPU.ActiveCfg = Debug|Any CPU
		{325F6838-D997-B057-028D-166902C585F6}.Debug|Any CPU.Build.0 = Debug|Any CPU
		{325F6838-D997-B057-028D-166902C585F6}.Release|Any CPU.ActiveCfg = Release|Any CPU
		{325F6838-D997-B057-028D-166902C585F6}.Release|Any CPU.Build.0 = Release|Any CPU
		{9D293A5D-6B48-DB01-5C62-4FED86572FB0}.Debug|Any CPU.ActiveCfg = Debug|Any CPU
		{9D293A5D-6B48-DB01-5C62-4FED86572FB0}.Debug|Any CPU.Build.0 = Debug|Any CPU
		{9D293A5D-6B48-DB01-5C62-4FED86572FB0}.Release|Any CPU.ActiveCfg = Release|Any CPU
		{9D293A5D-6B48-DB01-5C62-4FED86572FB0}.Release|Any CPU.Build.0 = Release|Any CPU
		{43A6A67F-62F6-B1F4-B8B0-362B3AB4B2DE}.Debug|Any CPU.ActiveCfg = Debug|Any CPU
		{43A6A67F-62F6-B1F4-B8B0-362B3AB4B2DE}.Debug|Any CPU.Build.0 = Debug|Any CPU
		{43A6A67F-62F6-B1F4-B8B0-362B3AB4B2DE}.Release|Any CPU.ActiveCfg = Release|Any CPU
		{43A6A67F-62F6-B1F4-B8B0-362B3AB4B2DE}.Release|Any CPU.Build.0 = Release|Any CPU
		{B83830BD-25BA-8391-B00F-9E91064B9D49}.Debug|Any CPU.ActiveCfg = Debug|Any CPU
		{B83830BD-25BA-8391-B00F-9E91064B9D49}.Debug|Any CPU.Build.0 = Debug|Any CPU
		{B83830BD-25BA-8391-B00F-9E91064B9D49}.Release|Any CPU.ActiveCfg = Release|Any CPU
		{B83830BD-25BA-8391-B00F-9E91064B9D49}.Release|Any CPU.Build.0 = Release|Any CPU
		{FCE214DD-DA9B-4382-9ABC-DBA4F601636E}.Debug|Any CPU.ActiveCfg = Debug|Any CPU
		{FCE214DD-DA9B-4382-9ABC-DBA4F601636E}.Debug|Any CPU.Build.0 = Debug|Any CPU
		{FCE214DD-DA9B-4382-9ABC-DBA4F601636E}.Release|Any CPU.ActiveCfg = Release|Any CPU
		{FCE214DD-DA9B-4382-9ABC-DBA4F601636E}.Release|Any CPU.Build.0 = Release|Any CPU
		{35CDC903-AED0-17FA-972C-484F190B1A29}.Debug|Any CPU.ActiveCfg = Debug|Any CPU
		{35CDC903-AED0-17FA-972C-484F190B1A29}.Debug|Any CPU.Build.0 = Debug|Any CPU
		{35CDC903-AED0-17FA-972C-484F190B1A29}.Release|Any CPU.ActiveCfg = Release|Any CPU
		{35CDC903-AED0-17FA-972C-484F190B1A29}.Release|Any CPU.Build.0 = Release|Any CPU
		{048F64A4-0664-685D-EFA6-FC99EA242ADD}.Debug|Any CPU.ActiveCfg = Debug|Any CPU
		{048F64A4-0664-685D-EFA6-FC99EA242ADD}.Debug|Any CPU.Build.0 = Debug|Any CPU
		{048F64A4-0664-685D-EFA6-FC99EA242ADD}.Release|Any CPU.ActiveCfg = Release|Any CPU
		{048F64A4-0664-685D-EFA6-FC99EA242ADD}.Release|Any CPU.Build.0 = Release|Any CPU
		{115E6E24-1A10-C21F-6703-79035E66E2FA}.Debug|Any CPU.ActiveCfg = Debug|Any CPU
		{115E6E24-1A10-C21F-6703-79035E66E2FA}.Debug|Any CPU.Build.0 = Debug|Any CPU
		{115E6E24-1A10-C21F-6703-79035E66E2FA}.Release|Any CPU.ActiveCfg = Release|Any CPU
		{115E6E24-1A10-C21F-6703-79035E66E2FA}.Release|Any CPU.Build.0 = Release|Any CPU
		{47C4925F-38ED-2689-24D7-D36583EF0738}.Debug|Any CPU.ActiveCfg = Debug|Any CPU
		{47C4925F-38ED-2689-24D7-D36583EF0738}.Debug|Any CPU.Build.0 = Debug|Any CPU
		{47C4925F-38ED-2689-24D7-D36583EF0738}.Release|Any CPU.ActiveCfg = Release|Any CPU
		{47C4925F-38ED-2689-24D7-D36583EF0738}.Release|Any CPU.Build.0 = Release|Any CPU
		{B197B6C3-B0BF-4225-A76E-A7128A85C2F4}.Debug|Any CPU.ActiveCfg = Debug|Any CPU
		{B197B6C3-B0BF-4225-A76E-A7128A85C2F4}.Debug|Any CPU.Build.0 = Debug|Any CPU
		{B197B6C3-B0BF-4225-A76E-A7128A85C2F4}.Release|Any CPU.ActiveCfg = Release|Any CPU
		{B197B6C3-B0BF-4225-A76E-A7128A85C2F4}.Release|Any CPU.Build.0 = Release|Any CPU
	EndGlobalSection
	GlobalSection(SolutionProperties) = preSolution
		HideSolutionNode = FALSE
	EndGlobalSection
	GlobalSection(NestedProjects) = preSolution
		{1D36F260-8AB1-586E-1AFB-66E7AD0A25A4} = {02EA681E-C7D8-13C7-8484-4AC65E1B71E8}
		{325F6838-D997-B057-028D-166902C585F6} = {02EA681E-C7D8-13C7-8484-4AC65E1B71E8}
		{9D293A5D-6B48-DB01-5C62-4FED86572FB0} = {02EA681E-C7D8-13C7-8484-4AC65E1B71E8}
		{43A6A67F-62F6-B1F4-B8B0-362B3AB4B2DE} = {02EA681E-C7D8-13C7-8484-4AC65E1B71E8}
		{B83830BD-25BA-8391-B00F-9E91064B9D49} = {02EA681E-C7D8-13C7-8484-4AC65E1B71E8}
		{FCE214DD-DA9B-4382-9ABC-DBA4F601636E} = {02EA681E-C7D8-13C7-8484-4AC65E1B71E8}
		{115E6E24-1A10-C21F-6703-79035E66E2FA} = {02EA681E-C7D8-13C7-8484-4AC65E1B71E8}
		{47C4925F-38ED-2689-24D7-D36583EF0738} = {02EA681E-C7D8-13C7-8484-4AC65E1B71E8}
		{B197B6C3-B0BF-4225-A76E-A7128A85C2F4} = {02EA681E-C7D8-13C7-8484-4AC65E1B71E8}
	EndGlobalSection
	GlobalSection(ExtensibilityGlobals) = postSolution
		SolutionGuid = {3CBE37A5-99D0-4C05-A3CD-36A058394C96}
	EndGlobalSection
EndGlobal
