
Microsoft Visual Studio Solution File, Format Version 12.00
# Visual Studio Version 17
VisualStudioVersion = 17.14.35906.104
MinimumVisualStudioVersion = 10.0.40219.1
Project("{FAE04EC0-301F-11D3-BF4B-00C04F79EFBC}") = "Sparc2", "Sparc2\Sparc2.csproj", "{77468FA8-B715-4C93-B9CD-6E4BB8B85CDB}"
EndProject
Global
	GlobalSection(SolutionConfigurationPlatforms) = preSolution
		Debug|Any CPU = Debug|Any CPU
		Release|Any CPU = Release|Any CPU
	EndGlobalSection
	GlobalSection(ProjectConfigurationPlatforms) = postSolution
		{77468FA8-B715-4C93-B9CD-6E4BB8B85CDB}.Debug|Any CPU.ActiveCfg = Debug|Any CPU
		{77468FA8-B715-4C93-B9CD-6E4BB8B85CDB}.Debug|Any CPU.Build.0 = Debug|Any CPU
		{77468FA8-B715-4C93-B9CD-6E4BB8B85CDB}.Release|Any CPU.ActiveCfg = Release|Any CPU
		{77468FA8-B715-4C93-B9CD-6E4BB8B85CDB}.Release|Any CPU.Build.0 = Release|Any CPU
	EndGlobalSection
	GlobalSection(SolutionProperties) = preSolution
		HideSolutionNode = FALSE
	EndGlobalSection
	GlobalSection(ExtensibilityGlobals) = postSolution
		SolutionGuid = {3CBE37A5-99D0-4C05-A3CD-36A058394C96}
	EndGlobalSection
EndGlobal
